{
  "name": "untitled-steal-game",
  "lockfileVersion": 3,
  "requires": true,
  "packages": {
    "": {
      "dependencies": {
        "@quenty/ragdoll": "^15.27.0"
      }
    },
    "node_modules/@quenty/acceltween": {
      "version": "2.5.3",
      "resolved": "https://registry.npmjs.org/@quenty/acceltween/-/acceltween-2.5.3.tgz",
      "integrity": "sha512-RVvhySEzdB7WS3PSZWmPjHAzdzxmnf8XsOSpKWMxtdxB2sd7SKZNuUpsIvkq5CbcE+dGCo+Qjgij4zOus1ZpyA==",
      "funding": {
        "type": "patreon",
        "url": "https://www.patreon.com/quenty"
      }
    },
    "node_modules/@quenty/adorneedata": {
      "version": "7.19.1",
      "resolved": "https://registry.npmjs.org/@quenty/adorneedata/-/adorneedata-7.19.1.tgz",
      "integrity": "sha512-9XJpxRAZqSJiqFLsNxJ25iriLqA1FADlInWD9DUNg32XplzP0bQGhxVz2lM2x8mh9ZgHwltWvBuXJfdcD7cRlw==",
      "dependencies": {
        "@quenty/attributeutils": "^14.18.0",
        "@quenty/defaultvalueutils": "^1.2.2",
        "@quenty/ducktype": "^5.9.0",
        "@quenty/loader": "^10.9.0",
        "@quenty/rx": "^13.18.0",
        "@quenty/rxsignal": "^7.18.0",
        "@quenty/table": "^3.8.0",
        "@quentystudios/t": "^3.0.0"
      },
      "funding": {
        "type": "patreon",
        "url": "https://www.patreon.com/quenty"
      }
    },
    "node_modules/@quenty/attributeutils": {
      "version": "14.18.0",
      "resolved": "https://registry.npmjs.org/@quenty/attributeutils/-/attributeutils-14.18.0.tgz",
      "integrity": "sha512-q2b1CiSEgma2keFx3rvCj3PEeMydHqWNUDc0JpjtfLw8mlGa/HO1LTfAW0lhcS3gZapShn04ylXvRgVA+qlJ+g==",
      "dependencies": {
        "@quenty/brio": "^14.18.0",
        "@quenty/canceltoken": "^11.12.0",
        "@quenty/loader": "^10.9.0",
        "@quenty/maid": "^3.5.0",
        "@quenty/promise": "^10.11.0",
        "@quenty/rx": "^13.18.0",
        "@quenty/rxsignal": "^7.18.0",
        "@quenty/symbol": "^3.5.0"
      },
      "funding": {
        "type": "patreon",
        "url": "https://www.patreon.com/quenty"
      }
    },
    "node_modules/@quenty/baseobject": {
      "version": "10.9.0",
      "resolved": "https://registry.npmjs.org/@quenty/baseobject/-/baseobject-10.9.0.tgz",
      "integrity": "sha512-aXlonh4bNYPKr5WWlI4c70mq4qFPz/RGu1fr5gF0eux6WRrgsWGCffeqU8j29IOCQDi/zS3mMMPfmquqSCpN7w==",
      "dependencies": {
        "@quenty/loader": "^10.9.0",
        "@quenty/maid": "^3.5.0"
      },
      "funding": {
        "type": "patreon",
        "url": "https://www.patreon.com/quenty"
      }
    },
    "node_modules/@quenty/binarysearch": {
      "version": "2.3.0",
      "resolved": "https://registry.npmjs.org/@quenty/binarysearch/-/binarysearch-2.3.0.tgz",
      "integrity": "sha512-23Zs7id7nBLgg3ixDr2nsS5R6YeHvFlKwzFgjs4yy3iS00KJ2I67De9WHAvZZA23yVbw5OmxhOdgvXxDVbYG4g==",
      "funding": {
        "type": "patreon",
        "url": "https://www.patreon.com/quenty"
      }
    },
    "node_modules/@quenty/binder": {
      "version": "14.21.0",
      "resolved": "https://registry.npmjs.org/@quenty/binder/-/binder-14.21.0.tgz",
      "integrity": "sha512-dkBrIPqOla+D5p2d9IUgQfKDzeoN64kptdRve+6LdjaFMoaNupdxXDZC0luzOV8pHY51IekxOO3ivAMRAiFNLQ==",
      "dependencies": {
        "@quenty/baseobject": "^10.9.0",
        "@quenty/brio": "^14.18.0",
        "@quenty/canceltoken": "^11.12.0",
        "@quenty/instanceutils": "^13.18.0",
        "@quenty/linkutils": "^13.18.0",
        "@quenty/loader": "^10.9.0",
        "@quenty/maid": "^3.5.0",
        "@quenty/promise": "^10.11.0",
        "@quenty/rx": "^13.18.0",
        "@quenty/signal": "^7.11.0",
        "@quenty/valueobject": "^13.18.0"
      },
      "funding": {
        "type": "patreon",
        "url": "https://www.patreon.com/quenty"
      }
    },
    "node_modules/@quenty/brio": {
      "version": "14.18.0",
      "resolved": "https://registry.npmjs.org/@quenty/brio/-/brio-14.18.0.tgz",
      "integrity": "sha512-kghjmiSskmtkkqKPsv2dLIvdNo2rIRXIvNLaBKOrSiKt7ntChbM0m6THWbF3uOmqP/iQ1XB9nW8WqW8mnjerug==",
      "dependencies": {
        "@quenty/loader": "^10.9.0",
        "@quenty/maid": "^3.5.0",
        "@quenty/rx": "^13.18.0",
        "@quenty/signal": "^7.11.0",
        "@quenty/steputils": "^3.6.0",
        "@quenty/table": "^3.8.0"
      },
      "funding": {
        "type": "patreon",
        "url": "https://www.patreon.com/quenty"
      }
    },
    "node_modules/@quenty/camera": {
      "version": "14.23.0",
      "resolved": "https://registry.npmjs.org/@quenty/camera/-/camera-14.23.0.tgz",
      "integrity": "sha512-DAQ7rZkNvidlw5WI5a6pNOk/Xouu5RXDWKWuYrr6UuS/gIcLIb/bK8XNa5R+PWdRVef+z4d4SBW4jla9y8k9RQ==",
      "dependencies": {
        "@quenty/acceltween": "^2.5.3",
        "@quenty/baseobject": "^10.9.0",
        "@quenty/cframeutils": "^5.5.3",
        "@quenty/cubicspline": "^10.9.0",
        "@quenty/ducktype": "^5.9.0",
        "@quenty/inputobjectutils": "^4.19.0",
        "@quenty/loader": "^10.9.0",
        "@quenty/maid": "^3.5.0",
        "@quenty/math": "^2.7.3",
        "@quenty/qframe": "^10.11.0",
        "@quenty/rx": "^13.18.0",
        "@quenty/servicebag": "^11.13.0",
        "@quenty/spring": "^10.9.0",
        "@quenty/valueobject": "^13.18.0",
        "@quenty/vector3utils": "^10.9.0"
      },
      "funding": {
        "type": "patreon",
        "url": "https://www.patreon.com/quenty"
      }
    },
    "node_modules/@quenty/cancellabledelay": {
      "version": "3.6.0",
      "resolved": "https://registry.npmjs.org/@quenty/cancellabledelay/-/cancellabledelay-3.6.0.tgz",
      "integrity": "sha512-IMjBMxIcu2uyGVM4snQ+/XkWI8EACidHaT+BPazbnaQm8rBRce2sBqvh3H3k+/2kkrhvuvdFt7LmSX2MDnHv2g==",
      "funding": {
        "type": "patreon",
        "url": "https://www.patreon.com/quenty"
      }
    },
    "node_modules/@quenty/canceltoken": {
      "version": "11.12.0",
      "resolved": "https://registry.npmjs.org/@quenty/canceltoken/-/canceltoken-11.12.0.tgz",
      "integrity": "sha512-3iFAry4akO2uMqz1gqgtKYKJ78N7sZsEQB+K1uwB49E6QAKmfMebxNHZGq+Y7A/8Yf+IWV0LbKNEDY87bu9aDw==",
      "dependencies": {
        "@quenty/ducktype": "^5.9.0",
        "@quenty/loader": "^10.9.0",
        "@quenty/maid": "^3.5.0",
        "@quenty/promise": "^10.11.0",
        "@quenty/signal": "^7.11.0"
      },
      "funding": {
        "type": "patreon",
        "url": "https://www.patreon.com/quenty"
      }
    },
    "node_modules/@quenty/cframeutils": {
      "version": "5.5.3",
      "resolved": "https://registry.npmjs.org/@quenty/cframeutils/-/cframeutils-5.5.3.tgz",
      "integrity": "sha512-7kMdCfqHTbcEVcYW/TGWTrRspZ6/+WdmMYTi7S2l8GvxEvXNjP6nEGO93PsU23oESvzuikTl/jY2Ot551Ou48Q==",
      "funding": {
        "type": "patreon",
        "url": "https://www.patreon.com/quenty"
      }
    },
    "node_modules/@quenty/characterutils": {
      "version": "12.20.0",
      "resolved": "https://registry.npmjs.org/@quenty/characterutils/-/characterutils-12.20.0.tgz",
      "integrity": "sha512-trUI0sWX0Xukz8kQu5XQJI9QVxU9gDaP9V9yQEsSeCXuAROkPYChizVxr9rKo7hyv1Gi3VMuLSgOJ1ufO75bkA==",
      "dependencies": {
        "@quenty/brio": "^14.18.0",
        "@quenty/deferred": "^2.3.0",
        "@quenty/instanceutils": "^13.18.0",
        "@quenty/loader": "^10.9.0",
        "@quenty/maid": "^3.5.0",
        "@quenty/promise": "^10.11.0",
        "@quenty/rx": "^13.18.0"
      },
      "funding": {
        "type": "patreon",
        "url": "https://www.patreon.com/quenty"
      }
    },
    "node_modules/@quenty/collectionserviceutils": {
      "version": "8.18.0",
      "resolved": "https://registry.npmjs.org/@quenty/collectionserviceutils/-/collectionserviceutils-8.18.0.tgz",
      "integrity": "sha512-kZk2R5f99qmgszPsEvvV6k52ZBL9+ES97HDJ+OOWMAJCBnrNl0GmK2qxmNRuO+LabP8gCxCxZgJwLck968s4+w==",
      "dependencies": {
        "@quenty/brio": "^14.18.0",
        "@quenty/loader": "^10.9.0",
        "@quenty/maid": "^3.5.0",
        "@quenty/rx": "^13.18.0"
      },
      "funding": {
        "type": "patreon",
        "url": "https://www.patreon.com/quenty"
      }
    },
    "node_modules/@quenty/cubicspline": {
      "version": "10.9.0",
      "resolved": "https://registry.npmjs.org/@quenty/cubicspline/-/cubicspline-10.9.0.tgz",
      "integrity": "sha512-UHfRWhVbVGEdWGUhtE1rM3Puz9Hn5FnSca08r9C8CP/XR/tai09G4blwP/A9OhUSBQR0YuVYSC0PKa2h76Q27g==",
      "dependencies": {
        "@quenty/binarysearch": "^2.3.0",
        "@quenty/linearsystemssolver": "^2.3.0",
        "@quenty/loader": "^10.9.0"
      },
      "funding": {
        "type": "patreon",
        "url": "https://www.patreon.com/quenty"
      }
    },
    "node_modules/@quenty/defaultvalueutils": {
      "version": "1.2.2",
      "resolved": "https://registry.npmjs.org/@quenty/defaultvalueutils/-/defaultvalueutils-1.2.2.tgz",
      "integrity": "sha512-INGB+3NZX1b//O2NWQX6XB5vAkph7eVoB6Rtb2BK9G7jdbvywIaFudJnfTgGt3n9Pp7T8tmVPMA993LlTlHsqg==",
      "funding": {
        "type": "patreon",
        "url": "https://www.patreon.com/quenty"
      }
    },
    "node_modules/@quenty/deferred": {
      "version": "2.3.0",
      "resolved": "https://registry.npmjs.org/@quenty/deferred/-/deferred-2.3.0.tgz",
      "integrity": "sha512-KuLtPIgj+fA95QK5G0pTezBNJvSMdaRhm40O0iDr08JSdEKG8Xm3Ua4H9bexcmuXb8bbEsV3Dahs/1SrxZbr9g==",
      "funding": {
        "type": "patreon",
        "url": "https://www.patreon.com/quenty"
      }
    },
    "node_modules/@quenty/draw": {
      "version": "7.9.0",
      "resolved": "https://registry.npmjs.org/@quenty/draw/-/draw-7.9.0.tgz",
      "integrity": "sha512-KtSdrqOHQmynSOU6TZlrTR6zvN3CS4pwp6LQooQqo8bRjegNxe4eKIUwqey0uUFil86iM3fYnxkPvzdwt3K/vQ==",
      "dependencies": {
        "@quenty/loader": "^10.9.0",
        "@quenty/maid": "^3.5.0"
      },
      "funding": {
        "type": "patreon",
        "url": "https://www.patreon.com/quenty"
      }
    },
    "node_modules/@quenty/ducktype": {
      "version": "5.9.0",
      "resolved": "https://registry.npmjs.org/@quenty/ducktype/-/ducktype-5.9.0.tgz",
      "integrity": "sha512-+TvZHoiYQY+sflgS63mQ5C2or7Io6iYquWddk9OcOcjirKK9BkKcz1AlFY438XDzsS+7rO5dMp1FCRcihMQx6g==",
      "dependencies": {
        "@quenty/loader": "^10.9.0"
      },
      "funding": {
        "type": "patreon",
        "url": "https://www.patreon.com/quenty"
      }
    },
    "node_modules/@quenty/enumutils": {
      "version": "3.4.2",
      "resolved": "https://registry.npmjs.org/@quenty/enumutils/-/enumutils-3.4.2.tgz",
      "integrity": "sha512-Q4/DIevzbtKef3ozhzgk36wo+tUHQfUsFQrQKNu6J1BY0gVG7Kk55nADiH8Ha37bux+p637ul5/82YAUckebHA==",
      "funding": {
        "type": "patreon",
        "url": "https://www.patreon.com/quenty"
      }
    },
    "node_modules/@quenty/hapticfeedbackutils": {
      "version": "3.3.0",
      "resolved": "https://registry.npmjs.org/@quenty/hapticfeedbackutils/-/hapticfeedbackutils-3.3.0.tgz",
      "integrity": "sha512-l/YvsvyqCQyoVlJXSENpJx1FaYaLE4w79rFOoJbsPxKntsunC3s3QMZU8q9QNafpXFDclp4PUwt3q/ehsRT2PA==",
      "funding": {
        "type": "patreon",
        "url": "https://www.patreon.com/quenty"
      }
    },
    "node_modules/@quenty/humanoidtracker": {
      "version": "13.18.0",
      "resolved": "https://registry.npmjs.org/@quenty/humanoidtracker/-/humanoidtracker-13.18.0.tgz",
      "integrity": "sha512-kkR8JWDj/8uNnMgi8h0H301zODnpUe43YQem0eZrJX8g5ETQ+NvyBjQyv/pR4RVvvtlVAlJ8XGqVGhgxFgLSqw==",
      "dependencies": {
        "@quenty/baseobject": "^10.9.0",
        "@quenty/loader": "^10.9.0",
        "@quenty/maid": "^3.5.0",
        "@quenty/promise": "^10.11.0",
        "@quenty/signal": "^7.11.0",
        "@quenty/valueobject": "^13.18.0"
      },
      "funding": {
        "type": "patreon",
        "url": "https://www.patreon.com/quenty"
      }
    },
    "node_modules/@quenty/inputobjectutils": {
      "version": "4.19.0",
      "resolved": "https://registry.npmjs.org/@quenty/inputobjectutils/-/inputobjectutils-4.19.0.tgz",
      "integrity": "sha512-YY0CEl1WiGGaMEc9dq1rRv+1HWAPDommH+zhNYo9bye4YM/F215REFvw4FKotBtwCrBCmawuVqart/p6Loa71g==",
      "dependencies": {
        "@quenty/baseobject": "^10.9.0",
        "@quenty/loader": "^10.9.0",
        "@quenty/maid": "^3.5.0",
        "@quenty/rx": "^13.18.0",
        "@quenty/rxsignal": "^7.18.0"
      },
      "funding": {
        "type": "patreon",
        "url": "https://www.patreon.com/quenty"
      }
    },
    "node_modules/@quenty/instanceutils": {
      "version": "13.18.0",
      "resolved": "https://registry.npmjs.org/@quenty/instanceutils/-/instanceutils-13.18.0.tgz",
      "integrity": "sha512-rIwuMDx747/lGe6WbVtwPFhO59DegML7s6Gx21ulRBrzLIoqUme00ZPgmZv62zFUUVIqXLfQ66vBT2ENc59S1w==",
      "dependencies": {
        "@quenty/brio": "^14.18.0",
        "@quenty/loader": "^10.9.0",
        "@quenty/maid": "^3.5.0",
        "@quenty/rx": "^13.18.0",
        "@quenty/symbol": "^3.5.0"
      },
      "funding": {
        "type": "patreon",
        "url": "https://www.patreon.com/quenty"
      }
    },
    "node_modules/@quenty/linearsystemssolver": {
      "version": "2.3.0",
      "resolved": "https://registry.npmjs.org/@quenty/linearsystemssolver/-/linearsystemssolver-2.3.0.tgz",
      "integrity": "sha512-pFYt/gJwuRqll/vAWAaUgJlFeWYXHyM7EH4kdprFQ1l/V7w2t2Pjlr3kcxt7IAvLyqdEkVs5Sl2Zui3z0/CzSQ==",
      "funding": {
        "type": "patreon",
        "url": "https://www.patreon.com/quenty"
      }
    },
    "node_modules/@quenty/linkutils": {
      "version": "13.18.0",
      "resolved": "https://registry.npmjs.org/@quenty/linkutils/-/linkutils-13.18.0.tgz",
      "integrity": "sha512-WyvlHKD56Qg83n9gQn28PFqsGcOA+5hjzu41rO1C3oyfqXNzCYe7bhlpHThcuU07c6sxxsZ8lqxUB2hm9jsyCA==",
      "dependencies": {
        "@quenty/brio": "^14.18.0",
        "@quenty/instanceutils": "^13.18.0",
        "@quenty/loader": "^10.9.0",
        "@quenty/maid": "^3.5.0",
        "@quenty/promise": "^10.11.0",
        "@quenty/rx": "^13.18.0"
      },
      "funding": {
        "type": "patreon",
        "url": "https://www.patreon.com/quenty"
      }
    },
    "node_modules/@quenty/loader": {
      "version": "10.9.0",
      "resolved": "https://registry.npmjs.org/@quenty/loader/-/loader-10.9.0.tgz",
      "integrity": "sha512-NB9l9Mw7t1fNYlCVpKg58Msa0KHgKpBPQGNkNs/4uP/FZv5EJfj/cpzRNg4tdJWTM9E/z5WDzRp90niDiW8Vbw==",
      "funding": {
        "type": "patreon",
        "url": "https://www.patreon.com/quenty"
      }
    },
    "node_modules/@quenty/lrucache": {
      "version": "1.7.0",
      "resolved": "https://registry.npmjs.org/@quenty/lrucache/-/lrucache-1.7.0.tgz",
      "integrity": "sha512-KXHKmX07BjNgkwuAtTjo3npUZeSUPh+P7OFMC+aYsjIZ+I5dEWBp6Jm/eHDjdwkK6tnQdoaFGKneIVbFCRSdNg==",
      "dependencies": {
        "@quenty/loader": "^10.9.0"
      },
      "funding": {
        "type": "patreon",
        "url": "https://www.patreon.com/quenty"
      }
    },
    "node_modules/@quenty/maid": {
      "version": "3.5.0",
      "resolved": "https://registry.npmjs.org/@quenty/maid/-/maid-3.5.0.tgz",
      "integrity": "sha512-8nzpFT3S28UjUQaacPsbquNws6q/dZdilelid7K3uChnDKePvCveU/NdbPbXZ58H26CSAJ97txFvGcPYiwBnJw==",
      "funding": {
        "type": "patreon",
        "url": "https://www.patreon.com/quenty"
      }
    },
    "node_modules/@quenty/math": {
      "version": "2.7.3",
      "resolved": "https://registry.npmjs.org/@quenty/math/-/math-2.7.3.tgz",
      "integrity": "sha512-MdbR9C+mTpBFG2rR3mmgPNOYKzcbAb2qo/s5jab23GWxMV+NhfZroxixAplzKF405LC9Md6/+U1Fd9Ge+Q66qQ==",
      "funding": {
        "type": "patreon",
        "url": "https://www.patreon.com/quenty"
      }
    },
    "node_modules/@quenty/motor6d": {
      "version": "7.22.0",
      "resolved": "https://registry.npmjs.org/@quenty/motor6d/-/motor6d-7.22.0.tgz",
      "integrity": "sha512-8tL8eM88CT00ZSFXdY4xIeP62KCtr7kRMK117xIWw5WrhGPX1zTjO7wFXfq8hYV3yK13QMn9w0WVHVOpXs52IA==",
      "dependencies": {
        "@quenty/baseobject": "^10.9.0",
        "@quenty/binder": "^14.21.0",
        "@quenty/brio": "^14.18.0",
        "@quenty/cframeutils": "^5.5.3",
        "@quenty/instanceutils": "^13.18.0",
        "@quenty/loader": "^10.9.0",
        "@quenty/maid": "^3.5.0",
        "@quenty/playerhumanoidbinder": "^14.21.0",
        "@quenty/rx": "^13.18.0",
        "@quenty/servicebag": "^11.13.0",
        "@quenty/signal": "^7.11.0",
        "@quenty/spring": "^10.9.0",
        "@quenty/steputils": "^3.6.0",
        "@quenty/symbol": "^3.5.0",
        "@quenty/tie": "^10.21.0",
        "@quenty/valueobject": "^13.18.0"
      },
      "funding": {
        "type": "patreon",
        "url": "https://www.patreon.com/quenty"
      }
    },
    "node_modules/@quenty/physicsutils": {
      "version": "8.18.0",
      "resolved": "https://registry.npmjs.org/@quenty/physicsutils/-/physicsutils-8.18.0.tgz",
      "integrity": "sha512-BoPPlfeEIVzTdiTTcw7qMbNRC7OD1MbYIe93xD6llJ1jtzsWBLiPN3huok8ljQXC/+cObVEPu9HsPyTmgkfp9g==",
      "dependencies": {
        "@quenty/loader": "^10.9.0",
        "@quenty/maid": "^3.5.0",
        "@quenty/rx": "^13.18.0"
      },
      "funding": {
        "type": "patreon",
        "url": "https://www.patreon.com/quenty"
      }
    },
    "node_modules/@quenty/playerhumanoidbinder": {
      "version": "14.21.0",
      "resolved": "https://registry.npmjs.org/@quenty/playerhumanoidbinder/-/playerhumanoidbinder-14.21.0.tgz",
      "integrity": "sha512-KdqEDywiQFdeOfpLrwm57Bp78PMFYqLSCRgdHfont/f//8xZDBpQX1sYgqelPZjJpYyBD1Ox+T1PB1wdiijthg==",
      "dependencies": {
        "@quenty/binder": "^14.21.0",
        "@quenty/humanoidtracker": "^13.18.0",
        "@quenty/loader": "^10.9.0",
        "@quenty/maid": "^3.5.0",
        "@quenty/valueobject": "^13.18.0"
      },
      "funding": {
        "type": "patreon",
        "url": "https://www.patreon.com/quenty"
      }
    },
    "node_modules/@quenty/promise": {
      "version": "10.11.0",
      "resolved": "https://registry.npmjs.org/@quenty/promise/-/promise-10.11.0.tgz",
      "integrity": "sha512-PfZ4RnPs1BLdUkP+fAu0ExbUiiUVY2hbvQNTZhSIBBnGMDtPM6SZzKLApwfdGBiLiwRdQA90nRI9eRLvLEDuGA==",
      "dependencies": {
        "@quenty/deferred": "^2.3.0",
        "@quenty/loader": "^10.9.0",
        "@quenty/maid": "^3.5.0",
        "@quenty/math": "^2.7.3"
      },
      "funding": {
        "type": "patreon",
        "url": "https://www.patreon.com/quenty"
      }
    },
    "node_modules/@quenty/promisemaid": {
      "version": "5.11.0",
      "resolved": "https://registry.npmjs.org/@quenty/promisemaid/-/promisemaid-5.11.0.tgz",
      "integrity": "sha512-MoazCNyLMcrVmDCxQ9nc8rWb0bsPl1tVzIFj85tHGMeUE98RcPOW+/JG9H1MxGR5HQXw64fJsHHYUTORxO2b/Q==",
      "dependencies": {
        "@quenty/loader": "^10.9.0",
        "@quenty/maid": "^3.5.0",
        "@quenty/promise": "^10.11.0"
      },
      "funding": {
        "type": "patreon",
        "url": "https://www.patreon.com/quenty"
      }
    },
    "node_modules/@quenty/qframe": {
      "version": "10.11.0",
      "resolved": "https://registry.npmjs.org/@quenty/qframe/-/qframe-10.11.0.tgz",
      "integrity": "sha512-ML+ZU43Gc0sB3f2BqhdWq0cpy7WE7xQagFwan+YCWQDSpGVcq7y/qfXtM1unLV9tE0IBVdZH6DvKY039jQsxPQ==",
      "dependencies": {
        "@quenty/loader": "^10.9.0"
      },
      "funding": {
        "type": "patreon",
        "url": "https://www.patreon.com/quenty"
      }
    },
    "node_modules/@quenty/r15utils": {
      "version": "13.19.1",
      "resolved": "https://registry.npmjs.org/@quenty/r15utils/-/r15utils-13.19.1.tgz",
      "integrity": "sha512-2+ipDYTvOmrflpVkLYlaOOQeXfBM4m8T1RpkJWCy+/rA7H1jNNM2b+9dV0L4liV7AsUSQvZPPJezlSkezAJLYQ==",
      "dependencies": {
        "@quenty/brio": "^14.18.0",
        "@quenty/instanceutils": "^13.18.0",
        "@quenty/loader": "^10.9.0",
        "@quenty/rx": "^13.18.0"
      },
      "funding": {
        "type": "patreon",
        "url": "https://www.patreon.com/quenty"
      }
    },
    "node_modules/@quenty/ragdoll": {
      "version": "15.27.0",
      "resolved": "https://registry.npmjs.org/@quenty/ragdoll/-/ragdoll-15.27.0.tgz",
      "integrity": "sha512-xeRG7bDi2spuj3Tao2pSsbGgUA3FlP/rehLakaddfFRhss08tO2mCK5SGrcWBJzyG4eKasdn8FQ+oT1sF5IC9Q==",
      "dependencies": {
        "@quenty/adorneedata": "^7.19.1",
        "@quenty/attributeutils": "^14.18.0",
        "@quenty/baseobject": "^10.9.0",
        "@quenty/binder": "^14.21.0",
        "@quenty/brio": "^14.18.0",
        "@quenty/camera": "^14.23.0",
        "@quenty/cancellabledelay": "^3.6.0",
        "@quenty/characterutils": "^12.20.0",
        "@quenty/draw": "^7.9.0",
        "@quenty/enumutils": "^3.4.2",
        "@quenty/hapticfeedbackutils": "^3.3.0",
        "@quenty/instanceutils": "^13.18.0",
        "@quenty/loader": "^10.9.0",
        "@quenty/maid": "^3.5.0",
        "@quenty/motor6d": "^7.22.0",
        "@quenty/physicsutils": "^8.18.0",
        "@quenty/playerhumanoidbinder": "^14.21.0",
        "@quenty/promise": "^10.11.0",
        "@quenty/qframe": "^10.11.0",
        "@quenty/r15utils": "^13.19.1",
        "@quenty/remoting": "^12.19.0",
        "@quenty/rx": "^13.18.0",
        "@quenty/rxbinderutils": "^14.21.0",
        "@quenty/rxsignal": "^7.18.0",
        "@quenty/spring": "^10.9.0",
        "@quenty/steputils": "^3.6.0",
        "@quenty/table": "^3.8.0",
        "@quenty/tie": "^10.21.0",
        "@quenty/valuebaseutils": "^13.18.0",
        "@quenty/valueobject": "^13.18.0"
      },
      "funding": {
        "type": "patreon",
        "url": "https://www.patreon.com/quenty"
      }
    },
    "node_modules/@quenty/remotefunctionutils": {
      "version": "10.11.0",
      "resolved": "https://registry.npmjs.org/@quenty/remotefunctionutils/-/remotefunctionutils-10.11.0.tgz",
      "integrity": "sha512-uK0zdCWfU276XeQm1xUSr+uH4nCrjNRlTvR7jjSzf2Qnll39hHslYWlQEpheK9VgIqmGg0+LwsrRYGNuixQQZQ==",
      "dependencies": {
        "@quenty/loader": "^10.9.0",
        "@quenty/promise": "^10.11.0"
      },
      "funding": {
        "type": "patreon",
        "url": "https://www.patreon.com/quenty"
      }
    },
    "node_modules/@quenty/remoting": {
      "version": "12.19.0",
      "resolved": "https://registry.npmjs.org/@quenty/remoting/-/remoting-12.19.0.tgz",
      "integrity": "sha512-axPk3P0P0RSzsVzi0FZhN1tySAxv9ERp4UFe6llOg8nzHdAfpytuUHdyler4aU0C6GSIvGtdt8ZheJd3JRu1LQ==",
      "dependencies": {
        "@quenty/brio": "^14.18.0",
        "@quenty/instanceutils": "^13.18.0",
        "@quenty/loader": "^10.9.0",
        "@quenty/maid": "^3.5.0",
        "@quenty/promise": "^10.11.0",
        "@quenty/promisemaid": "^5.11.0",
        "@quenty/remotefunctionutils": "^10.11.0",
        "@quenty/rx": "^13.18.0",
        "@quenty/table": "^3.8.0"
      },
      "funding": {
        "type": "patreon",
        "url": "https://www.patreon.com/quenty"
      }
    },
    "node_modules/@quenty/rx": {
      "version": "13.18.0",
      "resolved": "https://registry.npmjs.org/@quenty/rx/-/rx-13.18.0.tgz",
      "integrity": "sha512-pvXFUI26Lb5K8LB9iKQLUQp7A9DFI77zavKkrpUDzq3q5pUJ/tewyvsi4Cw+Y+Q7EyviAlFd9kws772IUYy4YA==",
      "dependencies": {
        "@quenty/cancellabledelay": "^3.6.0",
        "@quenty/canceltoken": "^11.12.0",
        "@quenty/ducktype": "^5.9.0",
        "@quenty/loader": "^10.9.0",
        "@quenty/maid": "^3.5.0",
        "@quenty/promise": "^10.11.0",
        "@quenty/signal": "^7.11.0",
        "@quenty/symbol": "^3.5.0",
        "@quenty/table": "^3.8.0",
        "@quenty/throttle": "^10.10.0",
        "@quenty/typeutils": "^1.1.0"
      },
      "funding": {
        "type": "patreon",
        "url": "https://www.patreon.com/quenty"
      }
    },
    "node_modules/@quenty/rxbinderutils": {
      "version": "14.21.0",
      "resolved": "https://registry.npmjs.org/@quenty/rxbinderutils/-/rxbinderutils-14.21.0.tgz",
      "integrity": "sha512-9yc6vOpK+o6W6CF8HQtMnnOMpjZs6PIGmRGf1Xsyi/438jphQZzxu6J4t1aFblRnEO/xMowo6J2rrsZcheL4TA==",
      "dependencies": {
        "@quenty/binder": "^14.21.0",
        "@quenty/brio": "^14.18.0",
        "@quenty/instanceutils": "^13.18.0",
        "@quenty/linkutils": "^13.18.0",
        "@quenty/loader": "^10.9.0",
        "@quenty/maid": "^3.5.0",
        "@quenty/rx": "^13.18.0"
      },
      "funding": {
        "type": "patreon",
        "url": "https://www.patreon.com/quenty"
      }
    },
    "node_modules/@quenty/rxsignal": {
      "version": "7.18.0",
      "resolved": "https://registry.npmjs.org/@quenty/rxsignal/-/rxsignal-7.18.0.tgz",
      "integrity": "sha512-bOj1WVByZwr/y/jRRZOt0CGmI4JWSJkNzq34Gxg8xHf5YXRkgDj4D6j+aaNKukks+QePwzfEcpoX2ytWQNm3gg==",
      "dependencies": {
        "@quenty/loader": "^10.9.0",
        "@quenty/rx": "^13.18.0"
      },
      "funding": {
        "type": "patreon",
        "url": "https://www.patreon.com/quenty"
      }
    },
    "node_modules/@quenty/servicebag": {
      "version": "11.13.0",
      "resolved": "https://registry.npmjs.org/@quenty/servicebag/-/servicebag-11.13.0.tgz",
      "integrity": "sha512-xY3qSDRq1dfPfYPz4wFGJJw5tgNQVUcj00jsC44k6R66jEtMNVSa/HOImpaEQ59Zz26QieOnwemZ7Vv86shSRA==",
      "dependencies": {
        "@quenty/baseobject": "^10.9.0",
        "@quenty/loader": "^10.9.0",
        "@quenty/signal": "^7.11.0"
      },
      "funding": {
        "type": "patreon",
        "url": "https://www.patreon.com/quenty"
      }
    },
    "node_modules/@quenty/signal": {
      "version": "7.11.0",
      "resolved": "https://registry.npmjs.org/@quenty/signal/-/signal-7.11.0.tgz",
      "integrity": "sha512-4+eUj3OLtQhetXIBY0vSn5UfFdRy5vQp7ceHC6rgKM7ZSbPCMuDisqMT9R782nTc4o/YJydgBojG/SxS/bsvRQ==",
      "dependencies": {
        "@quenty/loader": "^10.9.0"
      },
      "funding": {
        "type": "patreon",
        "url": "https://www.patreon.com/quenty"
      }
    },
    "node_modules/@quenty/spring": {
      "version": "10.9.0",
      "resolved": "https://registry.npmjs.org/@quenty/spring/-/spring-10.9.0.tgz",
      "integrity": "sha512-t4dZF9h4QUdeOHhrVORtm3qxBLMUKMq4Gm5sohvlH8eAKLyHIj4gJtF3kJcyeixIphbsDpZPEzljfSJD1lNiyw==",
      "dependencies": {
        "@quenty/ducktype": "^5.9.0",
        "@quenty/loader": "^10.9.0"
      },
      "funding": {
        "type": "patreon",
        "url": "https://www.patreon.com/quenty"
      }
    },
    "node_modules/@quenty/statestack": {
      "version": "14.19.0",
      "resolved": "https://registry.npmjs.org/@quenty/statestack/-/statestack-14.19.0.tgz",
      "integrity": "sha512-pn98jXJqVJSXz6kxvK1xgY9OZrHX3SjXa07TgrpjeTCLKYJlb6p2io95FWF6et+S4FKTv5SCsl5VEvHFUB2B3g==",
      "dependencies": {
        "@quenty/baseobject": "^10.9.0",
        "@quenty/brio": "^14.18.0",
        "@quenty/loader": "^10.9.0",
        "@quenty/maid": "^3.5.0",
        "@quenty/rx": "^13.18.0",
        "@quenty/valueobject": "^13.18.0"
      },
      "funding": {
        "type": "patreon",
        "url": "https://www.patreon.com/quenty"
      }
    },
    "node_modules/@quenty/steputils": {
      "version": "3.6.0",
      "resolved": "https://registry.npmjs.org/@quenty/steputils/-/steputils-3.6.0.tgz",
      "integrity": "sha512-7E5kQeXnREaPp2BbD/ypoNOvKoENB+kVsA/38htiIJyac/VdKseM9SjxgOWSPQo8llXQWk0knI+XO6t0iZPIeA==",
      "funding": {
        "type": "patreon",
        "url": "https://www.patreon.com/quenty"
      }
    },
    "node_modules/@quenty/string": {
      "version": "3.3.3",
      "resolved": "https://registry.npmjs.org/@quenty/string/-/string-3.3.3.tgz",
      "integrity": "sha512-A6+DUEjmllLjXBDx1VSQEmNOivSE50q619lBrjuJUHbHtEr/A1jdgyy4EM6znC5wOhAVyuUmThbSn53SPpus+A==",
      "funding": {
        "type": "patreon",
        "url": "https://www.patreon.com/quenty"
      }
    },
    "node_modules/@quenty/symbol": {
      "version": "3.5.0",
      "resolved": "https://registry.npmjs.org/@quenty/symbol/-/symbol-3.5.0.tgz",
      "integrity": "sha512-8ngXF9KjE57pTwUrX3gPOttNHa/6vQ8xAdmBfLsP1wPx2e/WyWwd9rr7E3GmfPM8tvuZUUNocePM+oJb4Ccuqg==",
      "funding": {
        "type": "patreon",
        "url": "https://www.patreon.com/quenty"
      }
    },
    "node_modules/@quenty/table": {
      "version": "3.8.0",
      "resolved": "https://registry.npmjs.org/@quenty/table/-/table-3.8.0.tgz",
      "integrity": "sha512-e/jopMNXPPq+gKLHsWWT3S4JBCVeqRFZCcxKiz9jVhlweBtYGo29/pDn8tWaSDOqeupKxnW5L3OUCo/gGkiwgg==",
      "funding": {
        "type": "patreon",
        "url": "https://www.patreon.com/quenty"
      }
    },
    "node_modules/@quenty/throttle": {
      "version": "10.10.0",
      "resolved": "https://registry.npmjs.org/@quenty/throttle/-/throttle-10.10.0.tgz",
      "integrity": "sha512-3rCzFsWi6DMQVYA5rzpCGNLU8Fmr/NAbIC0VD3HNb7j5vp3EzQgXbxXRy5QbYUn//x6iRjo05EuLDMLPm0PM4A==",
      "dependencies": {
        "@quenty/loader": "^10.9.0",
        "@quenty/typeutils": "^1.1.0"
      },
      "funding": {
        "type": "patreon",
        "url": "https://www.patreon.com/quenty"
      }
    },
    "node_modules/@quenty/tie": {
      "version": "10.21.0",
      "resolved": "https://registry.npmjs.org/@quenty/tie/-/tie-10.21.0.tgz",
      "integrity": "sha512-2Ddh/jhaqAMz4Lhr2R3d40Vf+vh0rDxCOOpRlbNcmp058FLgXa5OkeMcy73MB56c6O6bC6BYrVhYTJ91ftJpBg==",
      "dependencies": {
        "@quenty/attributeutils": "^14.18.0",
        "@quenty/baseobject": "^10.9.0",
        "@quenty/brio": "^14.18.0",
        "@quenty/collectionserviceutils": "^8.18.0",
        "@quenty/instanceutils": "^13.18.0",
        "@quenty/loader": "^10.9.0",
        "@quenty/maid": "^3.5.0",
        "@quenty/rx": "^13.18.0",
        "@quenty/rxsignal": "^7.18.0",
        "@quenty/statestack": "^14.19.0",
        "@quenty/string": "^3.3.3",
        "@quenty/symbol": "^3.5.0",
        "@quenty/table": "^3.8.0",
        "@quenty/tuple": "^1.6.0",
        "@quenty/valuebaseutils": "^13.18.0",
        "@quenty/valueobject": "^13.18.0"
      },
      "funding": {
        "type": "patreon",
        "url": "https://www.patreon.com/quenty"
      }
    },
    "node_modules/@quenty/tuple": {
      "version": "1.6.0",
      "resolved": "https://registry.npmjs.org/@quenty/tuple/-/tuple-1.6.0.tgz",
      "integrity": "sha512-Vx6oX5hReFGtdSX21xvCqhnSjneOiMU3knFQOsM7RmR86u4hmdq39r17l+FbPlAsenDzaWlJZdUirEY8d1fNtA==",
      "dependencies": {
        "@quenty/loader": "^10.9.0",
        "@quenty/lrucache": "^1.7.0"
      },
      "funding": {
        "type": "patreon",
        "url": "https://www.patreon.com/quenty"
      }
    },
    "node_modules/@quenty/typeutils": {
      "version": "1.1.0",
      "resolved": "https://registry.npmjs.org/@quenty/typeutils/-/typeutils-1.1.0.tgz",
      "integrity": "sha512-GBSwPmvZIJzQPWdEtIgzQ6zHnV+PraF8U6VYERl7FUZXcfSovxdG4CJXwY9Hs+wHT9KuSHx+GI19KILGiW3P1g==",
      "dependencies": {
        "@quenty/loader": "^10.9.0"
      },
      "funding": {
        "type": "patreon",
        "url": "https://www.patreon.com/quenty"
      }
    },
    "node_modules/@quenty/valuebaseutils": {
      "version": "13.18.0",
      "resolved": "https://registry.npmjs.org/@quenty/valuebaseutils/-/valuebaseutils-13.18.0.tgz",
      "integrity": "sha512-B4KJl2N+K32K3nKQxQ4JGWRgWFYpw4j/py+ICD0MS9h/ABiXRXYos2KvEzrSF6hZQf+2fRbxnK0dnvt9ZrFV/A==",
      "dependencies": {
        "@quenty/brio": "^14.18.0",
        "@quenty/instanceutils": "^13.18.0",
        "@quenty/loader": "^10.9.0",
        "@quenty/promise": "^10.11.0",
        "@quenty/rx": "^13.18.0",
        "@quenty/rxsignal": "^7.18.0"
      },
      "funding": {
        "type": "patreon",
        "url": "https://www.patreon.com/quenty"
      }
    },
    "node_modules/@quenty/valueobject": {
      "version": "13.18.0",
      "resolved": "https://registry.npmjs.org/@quenty/valueobject/-/valueobject-13.18.0.tgz",
      "integrity": "sha512-nDr/WTbKX1HCXU+y3eIlPvdCypTjF9laBa+BDWB+JSL5ldXbKSKlWWfm5IkFXcMg3nSeyBov7Pzz/Lhwy3Hqxw==",
      "dependencies": {
        "@quenty/brio": "^14.18.0",
        "@quenty/ducktype": "^5.9.0",
        "@quenty/loader": "^10.9.0",
        "@quenty/maid": "^3.5.0",
        "@quenty/rx": "^13.18.0",
        "@quenty/signal": "^7.11.0",
        "@quenty/valuebaseutils": "^13.18.0"
      },
      "funding": {
        "type": "patreon",
        "url": "https://www.patreon.com/quenty"
      }
    },
    "node_modules/@quenty/vector3utils": {
      "version": "10.9.0",
      "resolved": "https://registry.npmjs.org/@quenty/vector3utils/-/vector3utils-10.9.0.tgz",
      "integrity": "sha512-nwyo+nLrHrRumK7LYV96BA00PGi7+OMI3AxjTc5q4TVmVQDqK8RbhOPODshwDIh4l965LfgKywhuM32E1idI5Q==",
      "dependencies": {
        "@quenty/loader": "^10.9.0",
        "@quenty/math": "^2.7.3"
      },
      "funding": {
        "type": "patreon",
        "url": "https://www.patreon.com/quenty"
      }
    },
    "node_modules/@quentystudios/t": {
      "version": "3.0.0",
      "resolved": "https://registry.npmjs.org/@quentystudios/t/-/t-3.0.0.tgz",
      "integrity": "sha512-YUBaDzrs69scFgRpzASLOpcvxKho8oaUipyHO+A9z+aRW/ursRhzCXjRtPZ08uoU+fba/cohZuZMMGDMpncg1w=="
    }
  }
}
