# This file is automatically @generated by Wally.
# It is not intended for manual editing.
registry = "test"

[[package]]
name = "4x8matrix/profile-service-fork"
version = "1.0.0"
dependencies = []

[[package]]
name = "centau/vide"
version = "0.3.1"
dependencies = []

[[package]]
name = "chave/grow-grandmas-hair"
version = "0.1.0"
dependencies = [["bytenet", "ffrostflame/bytenet@0.4.6"], ["charm", "littensy/charm@0.10.0"], ["charm-sync", "littensy/charm-sync@0.3.0"], ["comm", "sleitnick/comm@0.3.2"], ["fastcast", "solarhorizon/fastcast@13.2.1"], ["jecs", "ukendio/jecs@0.8.3"], ["planck", "yetanotherclown/planck@0.2.0"], ["profileservice", "4x8matrix/profile-service-fork@1.0.0"], ["promise", "evaera/promise@4.0.0"], ["react", "jsdotlua/react@17.2.1"], ["react-roblox", "jsdotlua/react-roblox@17.2.1"], ["react-spring", "chriscerie/react-spring@2.0.0"], ["roact-template", "corecii/roact-template@0.2.1"], ["sift", "csqrl/sift@0.0.8"], ["signal", "sleitnick/signal@2.0.3"], ["topbarplus", "legitatx/topbarplus@3.0.5"], ["trove", "sleitnick/trove@1.5.1"], ["typed-promise", "howmanysmall/typed-promise@4.0.6"], ["typed-remote", "sleitnick/typed-remote@0.2.1"], ["vide", "centau/vide@0.3.1"], ["zoneplus", "mattschrubb/zoneplus@3.2.0"]]

[[package]]
name = "chriscerie/react-spring"
version = "2.0.0"
dependencies = [["Promise", "evaera/promise@4.0.0"], ["React", "jsdotlua/react@17.2.1"], ["ReactRoblox", "jsdotlua/react-roblox@17.2.1"], ["TestEZ", "roblox/testez@0.4.1"]]

[[package]]
name = "corecii/api-dump-static"
version = "1.0.6540477"
dependencies = []

[[package]]
name = "corecii/roact-template"
version = "0.2.1"
dependencies = [["ApiDumpStatic", "corecii/api-dump-static@1.0.6540477"]]

[[package]]
name = "csqrl/sift"
version = "0.0.8"
dependencies = []

[[package]]
name = "evaera/promise"
version = "4.0.0"
dependencies = []

[[package]]
name = "ffrostflame/bytenet"
version = "0.4.6"
dependencies = []

[[package]]
name = "howmanysmall/typed-promise"
version = "4.0.6"
dependencies = [["Promise", "evaera/promise@4.0.0"]]

[[package]]
name = "jsdotlua/boolean"
version = "1.2.7"
dependencies = [["number", "jsdotlua/number@1.2.7"]]

[[package]]
name = "jsdotlua/collections"
version = "1.2.7"
dependencies = [["es7-types", "jsdotlua/es7-types@1.2.7"], ["instance-of", "jsdotlua/instance-of@1.2.7"]]

[[package]]
name = "jsdotlua/console"
version = "1.2.7"
dependencies = [["collections", "jsdotlua/collections@1.2.7"]]

[[package]]
name = "jsdotlua/es7-types"
version = "1.2.7"
dependencies = []

[[package]]
name = "jsdotlua/instance-of"
version = "1.2.7"
dependencies = []

[[package]]
name = "jsdotlua/luau-polyfill"
version = "1.2.7"
dependencies = [["boolean", "jsdotlua/boolean@1.2.7"], ["collections", "jsdotlua/collections@1.2.7"], ["console", "jsdotlua/console@1.2.7"], ["es7-types", "jsdotlua/es7-types@1.2.7"], ["instance-of", "jsdotlua/instance-of@1.2.7"], ["math", "jsdotlua/math@1.2.7"], ["number", "jsdotlua/number@1.2.7"], ["string", "jsdotlua/string@1.2.7"], ["symbol-luau", "jsdotlua/symbol-luau@1.0.1"], ["timers", "jsdotlua/timers@1.2.7"]]

[[package]]
name = "jsdotlua/math"
version = "1.2.7"
dependencies = []

[[package]]
name = "jsdotlua/number"
version = "1.2.7"
dependencies = []

[[package]]
name = "jsdotlua/promise"
version = "3.5.2"
dependencies = []

[[package]]
name = "jsdotlua/react"
version = "17.2.1"
dependencies = [["luau-polyfill", "jsdotlua/luau-polyfill@1.2.7"], ["shared", "jsdotlua/shared@17.2.1"]]

[[package]]
name = "jsdotlua/react-reconciler"
version = "17.2.1"
dependencies = [["luau-polyfill", "jsdotlua/luau-polyfill@1.2.7"], ["promise", "jsdotlua/promise@3.5.2"], ["react", "jsdotlua/react@17.2.1"], ["scheduler", "jsdotlua/scheduler@17.2.1"], ["shared", "jsdotlua/shared@17.2.1"]]

[[package]]
name = "jsdotlua/react-roblox"
version = "17.2.1"
dependencies = [["luau-polyfill", "jsdotlua/luau-polyfill@1.2.7"], ["react", "jsdotlua/react@17.2.1"], ["react-reconciler", "jsdotlua/react-reconciler@17.2.1"], ["scheduler", "jsdotlua/scheduler@17.2.1"], ["shared", "jsdotlua/shared@17.2.1"]]

[[package]]
name = "jsdotlua/scheduler"
version = "17.2.1"
dependencies = [["luau-polyfill", "jsdotlua/luau-polyfill@1.2.7"], ["shared", "jsdotlua/shared@17.2.1"]]

[[package]]
name = "jsdotlua/shared"
version = "17.2.1"
dependencies = [["luau-polyfill", "jsdotlua/luau-polyfill@1.2.7"]]

[[package]]
name = "jsdotlua/string"
version = "1.2.7"
dependencies = [["es7-types", "jsdotlua/es7-types@1.2.7"], ["number", "jsdotlua/number@1.2.7"]]

[[package]]
name = "jsdotlua/symbol-luau"
version = "1.0.1"
dependencies = []

[[package]]
name = "jsdotlua/timers"
version = "1.2.7"
dependencies = [["collections", "jsdotlua/collections@1.2.7"]]

[[package]]
name = "legitatx/topbarplus"
version = "3.0.5"
dependencies = []

[[package]]
name = "littensy/charm"
version = "0.10.0"
dependencies = []

[[package]]
name = "littensy/charm-sync"
version = "0.3.0"
dependencies = [["charm", "littensy/charm@0.10.0"]]

[[package]]
name = "mattschrubb/zoneplus"
version = "3.2.0"
dependencies = []

[[package]]
name = "roblox/testez"
version = "0.4.1"
dependencies = []

[[package]]
name = "sleitnick/comm"
version = "0.3.2"
dependencies = [["Option", "sleitnick/option@1.0.5"], ["Promise", "evaera/promise@4.0.0"], ["Signal", "sleitnick/signal@1.5.0"]]

[[package]]
name = "sleitnick/option"
version = "1.0.5"
dependencies = []

[[package]]
name = "sleitnick/signal"
version = "1.5.0"
dependencies = []

[[package]]
name = "sleitnick/signal"
version = "2.0.3"
dependencies = []

[[package]]
name = "sleitnick/trove"
version = "1.5.1"
dependencies = []

[[package]]
name = "sleitnick/typed-remote"
version = "0.2.1"
dependencies = []

[[package]]
name = "solarhorizon/fastcast"
version = "13.2.1"
dependencies = []

[[package]]
name = "ukendio/jecs"
version = "0.8.3"
dependencies = []

[[package]]
name = "yetanotherclown/planck"
version = "0.2.0"
dependencies = []
